
Microsoft Visual Studio Solution File, Format Version 12.00
# Visual Studio Version 17
VisualStudioVersion = 17.13.35919.96 d17.13
MinimumVisualStudioVersion = 10.0.40219.1
Project("{FAE04EC0-301F-11D3-BF4B-00C04F79EFBC}") = "ProjetoTesteB3", "ProjetoTesteB3\ProjetoTesteB3.csproj", "{C4ED2B24-0BAD-427E-A888-A4E73BA0B9E9}"
EndProject
Global
	GlobalSection(SolutionConfigurationPlatforms) = preSolution
		Debug|Any CPU = Debug|Any CPU
		Release|Any CPU = Release|Any CPU
	EndGlobalSection
	GlobalSection(ProjectConfigurationPlatforms) = postSolution
		{C4ED2B24-0BAD-427E-A888-A4E73BA0B9E9}.Debug|Any CPU.ActiveCfg = Debug|Any CPU
		{C4ED2B24-0BAD-427E-A888-A4E73BA0B9E9}.Debug|Any CPU.Build.0 = Debug|Any CPU
		{C4ED2B24-0BAD-427E-A888-A4E73BA0B9E9}.Release|Any CPU.ActiveCfg = Release|Any CPU
		{C4ED2B24-0BAD-427E-A888-A4E73BA0B9E9}.Release|Any CPU.Build.0 = Release|Any CPU
	EndGlobalSection
	GlobalSection(SolutionProperties) = preSolution
		HideSolutionNode = FALSE
	EndGlobalSection
	GlobalSection(ExtensibilityGlobals) = postSolution
		SolutionGuid = {1A1D54B2-1A16-4A38-A1A3-C507672D5E80}
	EndGlobalSection
EndGlobal
